
Microsoft Visual Studio Solution File, Format Version 12.00
# Visual Studio Version 16
VisualStudioVersion = 16.0.29009.5
MinimumVisualStudioVersion = 10.0.40219.1
Project("{9A19103F-16F7-4668-BE54-9A1E7A4F7556}") = "FightCore.Backend", "FightCore.Backend\FightCore.Backend.csproj", "{F2F74402-D0A1-4BAB-898D-021467A73AFC}"
EndProject
Project("{9A19103F-16F7-4668-BE54-9A1E7A4F7556}") = "FightCore.Identity", "FightCore.Identity\FightCore.Identity.csproj", "{A771A695-AE4D-43FA-8C51-9BBA7B4A833E}"
EndProject
Project("{2150E333-8FDC-42A3-9474-1A3956D46DE8}") = "Api", "Api", "{D5550973-CDDF-4A84-BBD9-EF98006944B4}"
EndProject
Project("{2150E333-8FDC-42A3-9474-1A3956D46DE8}") = "Identity", "Identity", "{BA012BB0-9574-4DEA-A6D3-650E41D9BB61}"
EndProject
Project("{2150E333-8FDC-42A3-9474-1A3956D46DE8}") = "Shared", "Shared", "{D42BFAE3-6124-45D6-8833-AEC92D333CC9}"
EndProject
Project("{2150E333-8FDC-42A3-9474-1A3956D46DE8}") = "Test", "Test", "{2F3C4FB0-7273-4552-B2D6-5BE614D36E7E}"
EndProject
Project("{9A19103F-16F7-4668-BE54-9A1E7A4F7556}") = "FightCore.Discovery", "FightCore.Discovery\FightCore.Discovery.csproj", "{7D086735-8281-4E5D-B433-B6263D385BBB}"
EndProject
Project("{9A19103F-16F7-4668-BE54-9A1E7A4F7556}") = "FightCore.Models", "FightCore.Models\FightCore.Models.csproj", "{011D307B-9B9C-40DE-AE4C-5CAB53D7A44E}"
EndProject
Project("{9A19103F-16F7-4668-BE54-9A1E7A4F7556}") = "FightCore.Data", "FightCore.Data\FightCore.Data.csproj", "{337BD8B6-C4EE-46F9-A12A-0CFDCF0F85B7}"
EndProject
Project("{9A19103F-16F7-4668-BE54-9A1E7A4F7556}") = "FightCore.Services", "FightCore.Services\FightCore.Services.csproj", "{0D6A4CFB-35F4-4847-9CA9-8830D40659A6}"
EndProject
Project("{9A19103F-16F7-4668-BE54-9A1E7A4F7556}") = "FightCore.Repositories", "FightCore.Repository\FightCore.Repositories.csproj", "{9121FCD0-A9BD-41D3-89F5-7957A00403D3}"
EndProject
Project("{2150E333-8FDC-42A3-9474-1A3956D46DE8}") = "Configuration", "Configuration", "{EFC28529-6631-477C-BBFC-3DBDD84B1014}"
	ProjectSection(SolutionItems) = preProject
		..\.travis.yml = ..\.travis.yml
	EndProjectSection
EndProject
Project("{9A19103F-16F7-4668-BE54-9A1E7A4F7556}") = "FightCore.Configuration", "FightCore.Configuration\FightCore.Configuration.csproj", "{493C36F9-26EC-48A7-9B29-0FBB72C65E4C}"
EndProject
Project("{9A19103F-16F7-4668-BE54-9A1E7A4F7556}") = "FightCore.UnitTests", "FightCore.Tests\FightCore.UnitTests.csproj", "{E0C6D87B-122F-4221-AB51-DAC2367689E3}"
EndProject
Project("{2150E333-8FDC-42A3-9474-1A3956D46DE8}") = "External", "External", "{E7F5F8BF-E951-429B-861D-8BA0A16FD672}"
EndProject
Project("{9A19103F-16F7-4668-BE54-9A1E7A4F7556}") = "FightCore.KuroganeHammer", "FightCore.KuroganeHammer\FightCore.KuroganeHammer.csproj", "{094638D7-F05A-435C-AD34-68FE3C97033E}"
EndProject
Project("{9A19103F-16F7-4668-BE54-9A1E7A4F7556}") = "FightCore.FrameData", "..\..\Bot\FightCore.Bot\FightCore.FrameData\FightCore.FrameData.csproj", "{9DF687A4-7663-4DDA-840A-DA75696FB269}"
EndProject
Global
	GlobalSection(SolutionConfigurationPlatforms) = preSolution
		Debug|Any CPU = Debug|Any CPU
		Release|Any CPU = Release|Any CPU
	EndGlobalSection
	GlobalSection(ProjectConfigurationPlatforms) = postSolution
		{F2F74402-D0A1-4BAB-898D-021467A73AFC}.Debug|Any CPU.ActiveCfg = Debug|Any CPU
		{F2F74402-D0A1-4BAB-898D-021467A73AFC}.Debug|Any CPU.Build.0 = Debug|Any CPU
		{F2F74402-D0A1-4BAB-898D-021467A73AFC}.Release|Any CPU.ActiveCfg = Release|Any CPU
		{F2F74402-D0A1-4BAB-898D-021467A73AFC}.Release|Any CPU.Build.0 = Release|Any CPU
		{A771A695-AE4D-43FA-8C51-9BBA7B4A833E}.Debug|Any CPU.ActiveCfg = Debug|Any CPU
		{A771A695-AE4D-43FA-8C51-9BBA7B4A833E}.Debug|Any CPU.Build.0 = Debug|Any CPU
		{A771A695-AE4D-43FA-8C51-9BBA7B4A833E}.Release|Any CPU.ActiveCfg = Release|Any CPU
		{A771A695-AE4D-43FA-8C51-9BBA7B4A833E}.Release|Any CPU.Build.0 = Release|Any CPU
		{7D086735-8281-4E5D-B433-B6263D385BBB}.Debug|Any CPU.ActiveCfg = Debug|Any CPU
		{7D086735-8281-4E5D-B433-B6263D385BBB}.Debug|Any CPU.Build.0 = Debug|Any CPU
		{7D086735-8281-4E5D-B433-B6263D385BBB}.Release|Any CPU.ActiveCfg = Release|Any CPU
		{7D086735-8281-4E5D-B433-B6263D385BBB}.Release|Any CPU.Build.0 = Release|Any CPU
		{011D307B-9B9C-40DE-AE4C-5CAB53D7A44E}.Debug|Any CPU.ActiveCfg = Debug|Any CPU
		{011D307B-9B9C-40DE-AE4C-5CAB53D7A44E}.Debug|Any CPU.Build.0 = Debug|Any CPU
		{011D307B-9B9C-40DE-AE4C-5CAB53D7A44E}.Release|Any CPU.ActiveCfg = Release|Any CPU
		{011D307B-9B9C-40DE-AE4C-5CAB53D7A44E}.Release|Any CPU.Build.0 = Release|Any CPU
		{337BD8B6-C4EE-46F9-A12A-0CFDCF0F85B7}.Debug|Any CPU.ActiveCfg = Debug|Any CPU
		{337BD8B6-C4EE-46F9-A12A-0CFDCF0F85B7}.Debug|Any CPU.Build.0 = Debug|Any CPU
		{337BD8B6-C4EE-46F9-A12A-0CFDCF0F85B7}.Release|Any CPU.ActiveCfg = Release|Any CPU
		{337BD8B6-C4EE-46F9-A12A-0CFDCF0F85B7}.Release|Any CPU.Build.0 = Release|Any CPU
		{0D6A4CFB-35F4-4847-9CA9-8830D40659A6}.Debug|Any CPU.ActiveCfg = Debug|Any CPU
		{0D6A4CFB-35F4-4847-9CA9-8830D40659A6}.Debug|Any CPU.Build.0 = Debug|Any CPU
		{0D6A4CFB-35F4-4847-9CA9-8830D40659A6}.Release|Any CPU.ActiveCfg = Release|Any CPU
		{0D6A4CFB-35F4-4847-9CA9-8830D40659A6}.Release|Any CPU.Build.0 = Release|Any CPU
		{9121FCD0-A9BD-41D3-89F5-7957A00403D3}.Debug|Any CPU.ActiveCfg = Debug|Any CPU
		{9121FCD0-A9BD-41D3-89F5-7957A00403D3}.Debug|Any CPU.Build.0 = Debug|Any CPU
		{9121FCD0-A9BD-41D3-89F5-7957A00403D3}.Release|Any CPU.ActiveCfg = Release|Any CPU
		{9121FCD0-A9BD-41D3-89F5-7957A00403D3}.Release|Any CPU.Build.0 = Release|Any CPU
		{493C36F9-26EC-48A7-9B29-0FBB72C65E4C}.Debug|Any CPU.ActiveCfg = Debug|Any CPU
		{493C36F9-26EC-48A7-9B29-0FBB72C65E4C}.Debug|Any CPU.Build.0 = Debug|Any CPU
		{493C36F9-26EC-48A7-9B29-0FBB72C65E4C}.Release|Any CPU.ActiveCfg = Release|Any CPU
		{493C36F9-26EC-48A7-9B29-0FBB72C65E4C}.Release|Any CPU.Build.0 = Release|Any CPU
		{E0C6D87B-122F-4221-AB51-DAC2367689E3}.Debug|Any CPU.ActiveCfg = Debug|Any CPU
		{E0C6D87B-122F-4221-AB51-DAC2367689E3}.Debug|Any CPU.Build.0 = Debug|Any CPU
		{E0C6D87B-122F-4221-AB51-DAC2367689E3}.Release|Any CPU.ActiveCfg = Release|Any CPU
		{E0C6D87B-122F-4221-AB51-DAC2367689E3}.Release|Any CPU.Build.0 = Release|Any CPU
		{094638D7-F05A-435C-AD34-68FE3C97033E}.Debug|Any CPU.ActiveCfg = Debug|Any CPU
		{094638D7-F05A-435C-AD34-68FE3C97033E}.Debug|Any CPU.Build.0 = Debug|Any CPU
		{094638D7-F05A-435C-AD34-68FE3C97033E}.Release|Any CPU.ActiveCfg = Release|Any CPU
		{094638D7-F05A-435C-AD34-68FE3C97033E}.Release|Any CPU.Build.0 = Release|Any CPU
		{9DF687A4-7663-4DDA-840A-DA75696FB269}.Debug|Any CPU.ActiveCfg = Debug|Any CPU
		{9DF687A4-7663-4DDA-840A-DA75696FB269}.Debug|Any CPU.Build.0 = Debug|Any CPU
		{9DF687A4-7663-4DDA-840A-DA75696FB269}.Release|Any CPU.ActiveCfg = Release|Any CPU
		{9DF687A4-7663-4DDA-840A-DA75696FB269}.Release|Any CPU.Build.0 = Release|Any CPU
	EndGlobalSection
	GlobalSection(SolutionProperties) = preSolution
		HideSolutionNode = FALSE
	EndGlobalSection
	GlobalSection(NestedProjects) = preSolution
		{F2F74402-D0A1-4BAB-898D-021467A73AFC} = {D5550973-CDDF-4A84-BBD9-EF98006944B4}
		{A771A695-AE4D-43FA-8C51-9BBA7B4A833E} = {BA012BB0-9574-4DEA-A6D3-650E41D9BB61}
		{7D086735-8281-4E5D-B433-B6263D385BBB} = {2F3C4FB0-7273-4552-B2D6-5BE614D36E7E}
		{011D307B-9B9C-40DE-AE4C-5CAB53D7A44E} = {D42BFAE3-6124-45D6-8833-AEC92D333CC9}
		{337BD8B6-C4EE-46F9-A12A-0CFDCF0F85B7} = {D42BFAE3-6124-45D6-8833-AEC92D333CC9}
		{0D6A4CFB-35F4-4847-9CA9-8830D40659A6} = {D42BFAE3-6124-45D6-8833-AEC92D333CC9}
		{9121FCD0-A9BD-41D3-89F5-7957A00403D3} = {D42BFAE3-6124-45D6-8833-AEC92D333CC9}
		{493C36F9-26EC-48A7-9B29-0FBB72C65E4C} = {EFC28529-6631-477C-BBFC-3DBDD84B1014}
		{E0C6D87B-122F-4221-AB51-DAC2367689E3} = {2F3C4FB0-7273-4552-B2D6-5BE614D36E7E}
		{094638D7-F05A-435C-AD34-68FE3C97033E} = {E7F5F8BF-E951-429B-861D-8BA0A16FD672}
		{9DF687A4-7663-4DDA-840A-DA75696FB269} = {D42BFAE3-6124-45D6-8833-AEC92D333CC9}
	EndGlobalSection
	GlobalSection(ExtensibilityGlobals) = postSolution
		SolutionGuid = {598DB799-4DC9-47A5-9383-1341DDAAA824}
	EndGlobalSection
EndGlobal
